
Microsoft Visual Studio Solution File, Format Version 12.00
# Visual Studio Version 16
VisualStudioVersion = 16.0.30907.101
MinimumVisualStudioVersion = 10.0.40219.1
Project("{9A19103F-16F7-4668-BE54-9A1E7A4F7556}") = "DataAccess", "DataAccess\DataAccess.csproj", "{19B55394-16A8-491D-B3A7-4688806BA3B7}"
EndProject
Project("{9A19103F-16F7-4668-BE54-9A1E7A4F7556}") = "Entities", "Entities\Entities.csproj", "{FF3E4E44-77AC-4E90-9986-C535EC851092}"
EndProject
Project("{9A19103F-16F7-4668-BE54-9A1E7A4F7556}") = "Business", "Business\Business.csproj", "{3D001EAC-3665-4CFE-B6CB-89BA8AD1952B}"
EndProject
Project("{9A19103F-16F7-4668-BE54-9A1E7A4F7556}") = "ConsoleUI", "ConsoleUI\ConsoleUI.csproj", "{54E18D68-2F74-4FBA-ADB8-97825D400898}"
EndProject
Project("{9A19103F-16F7-4668-BE54-9A1E7A4F7556}") = "Core", "Core\Core.csproj", "{D0302CB1-1D41-4DC9-9FFE-98CB7EB5C7C0}"
EndProject
Project("{9A19103F-16F7-4668-BE54-9A1E7A4F7556}") = "WebAPI", "WebAPI\WebAPI.csproj", "{856618DA-D6CD-46B9-ABB5-DA60D53933AE}"
EndProject
Project("{2150E333-8FDC-42A3-9474-1A3956D46DE8}") = "Images", "Images", "{FCB80336-5335-4E90-9781-8C7EB4E71AAD}"
	ProjectSection(SolutionItems) = preProject
		..\..\..\Desktop\IMG_20210227_002320_748.jpg = ..\..\..\Desktop\IMG_20210227_002320_748.jpg
	EndProjectSection
EndProject
Global
	GlobalSection(SolutionConfigurationPlatforms) = preSolution
		Debug|Any CPU = Debug|Any CPU
		Release|Any CPU = Release|Any CPU
	EndGlobalSection
	GlobalSection(ProjectConfigurationPlatforms) = postSolution
		{19B55394-16A8-491D-B3A7-4688806BA3B7}.Debug|Any CPU.ActiveCfg = Debug|Any CPU
		{19B55394-16A8-491D-B3A7-4688806BA3B7}.Debug|Any CPU.Build.0 = Debug|Any CPU
		{19B55394-16A8-491D-B3A7-4688806BA3B7}.Release|Any CPU.ActiveCfg = Release|Any CPU
		{19B55394-16A8-491D-B3A7-4688806BA3B7}.Release|Any CPU.Build.0 = Release|Any CPU
		{FF3E4E44-77AC-4E90-9986-C535EC851092}.Debug|Any CPU.ActiveCfg = Debug|Any CPU
		{FF3E4E44-77AC-4E90-9986-C535EC851092}.Debug|Any CPU.Build.0 = Debug|Any CPU
		{FF3E4E44-77AC-4E90-9986-C535EC851092}.Release|Any CPU.ActiveCfg = Release|Any CPU
		{FF3E4E44-77AC-4E90-9986-C535EC851092}.Release|Any CPU.Build.0 = Release|Any CPU
		{3D001EAC-3665-4CFE-B6CB-89BA8AD1952B}.Debug|Any CPU.ActiveCfg = Debug|Any CPU
		{3D001EAC-3665-4CFE-B6CB-89BA8AD1952B}.Debug|Any CPU.Build.0 = Debug|Any CPU
		{3D001EAC-3665-4CFE-B6CB-89BA8AD1952B}.Release|Any CPU.ActiveCfg = Release|Any CPU
		{3D001EAC-3665-4CFE-B6CB-89BA8AD1952B}.Release|Any CPU.Build.0 = Release|Any CPU
		{54E18D68-2F74-4FBA-ADB8-97825D400898}.Debug|Any CPU.ActiveCfg = Debug|Any CPU
		{54E18D68-2F74-4FBA-ADB8-97825D400898}.Debug|Any CPU.Build.0 = Debug|Any CPU
		{54E18D68-2F74-4FBA-ADB8-97825D400898}.Release|Any CPU.ActiveCfg = Release|Any CPU
		{54E18D68-2F74-4FBA-ADB8-97825D400898}.Release|Any CPU.Build.0 = Release|Any CPU
		{D0302CB1-1D41-4DC9-9FFE-98CB7EB5C7C0}.Debug|Any CPU.ActiveCfg = Debug|Any CPU
		{D0302CB1-1D41-4DC9-9FFE-98CB7EB5C7C0}.Debug|Any CPU.Build.0 = Debug|Any CPU
		{D0302CB1-1D41-4DC9-9FFE-98CB7EB5C7C0}.Release|Any CPU.ActiveCfg = Release|Any CPU
		{D0302CB1-1D41-4DC9-9FFE-98CB7EB5C7C0}.Release|Any CPU.Build.0 = Release|Any CPU
		{856618DA-D6CD-46B9-ABB5-DA60D53933AE}.Debug|Any CPU.ActiveCfg = Debug|Any CPU
		{856618DA-D6CD-46B9-ABB5-DA60D53933AE}.Debug|Any CPU.Build.0 = Debug|Any CPU
		{856618DA-D6CD-46B9-ABB5-DA60D53933AE}.Release|Any CPU.ActiveCfg = Release|Any CPU
		{856618DA-D6CD-46B9-ABB5-DA60D53933AE}.Release|Any CPU.Build.0 = Release|Any CPU
	EndGlobalSection
	GlobalSection(SolutionProperties) = preSolution
		HideSolutionNode = FALSE
	EndGlobalSection
	GlobalSection(ExtensibilityGlobals) = postSolution
		SolutionGuid = {6ACEF122-C33A-4285-9D02-FF8BF35FE06D}
	EndGlobalSection
EndGlobal
